
Microsoft Visual Studio Solution File, Format Version 12.00
# Visual Studio Version 17
VisualStudioVersion = 17.8.34525.116
MinimumVisualStudioVersion = 10.0.40219.1
Project("{FAE04EC0-301F-11D3-BF4B-00C04F79EFBC}") = "PoligonSA", "PoligonSA.csproj", "{D9DC4E18-E6BB-4293-A779-E4B771308679}"
EndProject
Global
	GlobalSection(SolutionConfigurationPlatforms) = preSolution
		Debug|Any CPU = Debug|Any CPU
		Release|Any CPU = Release|Any CPU
	EndGlobalSection
	GlobalSection(ProjectConfigurationPlatforms) = postSolution
		{D9DC4E18-E6BB-4293-A779-E4B771308679}.Debug|Any CPU.ActiveCfg = Debug|Any CPU
		{D9DC4E18-E6BB-4293-A779-E4B771308679}.Debug|Any CPU.Build.0 = Debug|Any CPU
		{D9DC4E18-E6BB-4293-A779-E4B771308679}.Release|Any CPU.ActiveCfg = Release|Any CPU
		{D9DC4E18-E6BB-4293-A779-E4B771308679}.Release|Any CPU.Build.0 = Release|Any CPU
	EndGlobalSection
	GlobalSection(SolutionProperties) = preSolution
		HideSolutionNode = FALSE
	EndGlobalSection
	GlobalSection(ExtensibilityGlobals) = postSolution
		SolutionGuid = {305AACD4-566F-46BA-A7E7-7821ADB83CAE}
	EndGlobalSection
EndGlobal
